
Microsoft Visual Studio Solution File, Format Version 12.00
# Visual Studio Version 16
VisualStudioVersion = 16.0.31205.134
MinimumVisualStudioVersion = 10.0.40219.1
Project("{FAE04EC0-301F-11D3-BF4B-00C04F79EFBC}") = "Reframe.Web", "Reframe.Web\Reframe.Web.csproj", "{158E3278-B349-4330-9B48-761487149621}"
EndProject
Project("{FAE04EC0-301F-11D3-BF4B-00C04F79EFBC}") = "Reframe.Dal", "Reframe.Dal\Reframe.Dal.csproj", "{318A3619-5058-4B9F-9F0A-08ED433DC7B5}"
EndProject
Global
	GlobalSection(SolutionConfigurationPlatforms) = preSolution
		Debug|Any CPU = Debug|Any CPU
		Release|Any CPU = Release|Any CPU
	EndGlobalSection
	GlobalSection(ProjectConfigurationPlatforms) = postSolution
		{158E3278-B349-4330-9B48-761487149621}.Debug|Any CPU.ActiveCfg = Debug|Any CPU
		{158E3278-B349-4330-9B48-761487149621}.Debug|Any CPU.Build.0 = Debug|Any CPU
		{158E3278-B349-4330-9B48-761487149621}.Release|Any CPU.ActiveCfg = Release|Any CPU
		{158E3278-B349-4330-9B48-761487149621}.Release|Any CPU.Build.0 = Release|Any CPU
		{318A3619-5058-4B9F-9F0A-08ED433DC7B5}.Debug|Any CPU.ActiveCfg = Debug|Any CPU
		{318A3619-5058-4B9F-9F0A-08ED433DC7B5}.Debug|Any CPU.Build.0 = Debug|Any CPU
		{318A3619-5058-4B9F-9F0A-08ED433DC7B5}.Release|Any CPU.ActiveCfg = Release|Any CPU
		{318A3619-5058-4B9F-9F0A-08ED433DC7B5}.Release|Any CPU.Build.0 = Release|Any CPU
	EndGlobalSection
	GlobalSection(SolutionProperties) = preSolution
		HideSolutionNode = FALSE
	EndGlobalSection
	GlobalSection(ExtensibilityGlobals) = postSolution
		SolutionGuid = {3440321B-E1CC-4604-9D41-87DA0CF5EA48}
	EndGlobalSection
EndGlobal
